
Microsoft Visual Studio Solution File, Format Version 12.00
# Visual Studio Version 17
VisualStudioVersion = 17.7.34031.279
MinimumVisualStudioVersion = 10.0.40219.1
Project("{FAE04EC0-301F-11D3-BF4B-00C04F79EFBC}") = "Lab9_2", "Lab9_2.csproj", "{FB32E97D-CA84-4865-AA33-A80F8CA71035}"
EndProject
Global
	GlobalSection(SolutionConfigurationPlatforms) = preSolution
		Debug|Any CPU = Debug|Any CPU
		Release|Any CPU = Release|Any CPU
	EndGlobalSection
	GlobalSection(ProjectConfigurationPlatforms) = postSolution
		{FB32E97D-CA84-4865-AA33-A80F8CA71035}.Debug|Any CPU.ActiveCfg = Debug|Any CPU
		{FB32E97D-CA84-4865-AA33-A80F8CA71035}.Debug|Any CPU.Build.0 = Debug|Any CPU
		{FB32E97D-CA84-4865-AA33-A80F8CA71035}.Release|Any CPU.ActiveCfg = Release|Any CPU
		{FB32E97D-CA84-4865-AA33-A80F8CA71035}.Release|Any CPU.Build.0 = Release|Any CPU
	EndGlobalSection
	GlobalSection(SolutionProperties) = preSolution
		HideSolutionNode = FALSE
	EndGlobalSection
	GlobalSection(ExtensibilityGlobals) = postSolution
		SolutionGuid = {58578605-167C-47A4-B498-8238F2892534}
	EndGlobalSection
EndGlobal
